{
  "nodes": {
    "flake-utils": {
      "locked": {
        "lastModified": 1644229661,
        "narHash": "sha256-1YdnJAsNy69bpcjuoKdOYQX0YxZBiCYZo4Twxerqv7k=",
        "owner": "numtide",
        "repo": "flake-utils",
        "rev": "3cecb5b042f7f209c56ffd8371b2711a290ec797",
        "type": "github"
      },
      "original": {
        "owner": "numtide",
        "repo": "flake-utils",
        "type": "github"
      }
    },
    "nixpkgs": {
      "locked": {
        "lastModified": 1645379616,
        "narHash": "sha256-eLzR3MRS9hcNqSWZxP6BP7xiBjgC3/pB5n2Q0lLFe/g=",
        "owner": "NixOS",
        "repo": "nixpkgs",
        "rev": "40ef692a55b188b1f5ae3967f3fc7808838c3f1d",
        "type": "github"
      },
      "original": {
        "id": "nixpkgs",
        "ref": "nixos-21.11",
        "type": "indirect"
      }
    },
    "pretixSrc": {
      "flake": false,
      "locked": {
        "lastModified": 1645474020,
        "narHash": "sha256-pDeMihyUz3qd5/DcDG3R6rg8Ex9jNJbSyykqSnoNBo8=",
        "owner": "pretix",
        "repo": "pretix",
        "rev": "6d7e16c147c3eefe8852ad1a9d57f2b64ac3da2b",
        "type": "github"
      },
      "original": {
        "owner": "pretix",
        "repo": "pretix",
        "type": "github"
      }
    },
    "root": {
      "inputs": {
        "flake-utils": "flake-utils",
        "nixpkgs": "nixpkgs",
        "pretixSrc": "pretixSrc"
      }
    }
  },
  "root": "root",
  "version": 7
}
