{
  "nodes": {
    "flake-utils": {
      "locked": {
        "lastModified": 1610051610,
        "narHash": "sha256-U9rPz/usA1/Aohhk7Cmc2gBrEEKRzcW4nwPWMPwja4Y=",
        "owner": "numtide",
        "repo": "flake-utils",
        "rev": "3982c9903e93927c2164caa727cd3f6a0e6d14cc",
        "type": "github"
      },
      "original": {
        "owner": "numtide",
        "repo": "flake-utils",
        "type": "github"
      }
    },
    "nixpkgs": {
      "locked": {
        "lastModified": 1610961382,
        "narHash": "sha256-2TH4uX3eUkvkDnhD3BhIGBkag72WqbLUkaFyARWj4iQ=",
        "owner": "NixOS",
        "repo": "nixpkgs",
        "rev": "88f00e7e12d2669583fffd3f33aae01101464386",
        "type": "github"
      },
      "original": {
        "id": "nixpkgs",
        "ref": "nixos-20.09",
        "type": "indirect"
      }
    },
    "pip2nixSrc": {
      "flake": false,
      "locked": {
        "lastModified": 1607882636,
        "narHash": "sha256-ADby25bS2JN5UCCa1oooZZ9s7WTDy3/e91dSbHpXg+A=",
        "owner": "nix-community",
        "repo": "pip2nix",
        "rev": "cc05877f1d872a20e457fbbb71212870085b1f3e",
        "type": "github"
      },
      "original": {
        "owner": "nix-community",
        "ref": "nixos-20.09",
        "repo": "pip2nix",
        "type": "github"
      }
    },
    "root": {
      "inputs": {
        "flake-utils": "flake-utils",
        "nixpkgs": "nixpkgs",
        "pip2nixSrc": "pip2nixSrc"
      }
    }
  },
  "root": "root",
  "version": 7
}
